  "lockfileVersion": 3,
      "license": "MIT",
      "dev": true,
      "license": "MIT"
      "license": "MIT",
      "license": "MIT",
      "license": "MIT",
      "license": "MIT",
      "dev": true,
      "license": "MIT"
      "license": "ISC",
      "license": "MIT",
      "license": "MIT",
      "license": "MIT",
      "license": "MIT",
      "license": "MIT",
      "license": "MIT",
      "license": "MIT",
      "license": "MIT",
      "license": "MIT",
      "license": "MIT",
      "license": "MIT",
      "license": "MIT",
      "license": "MIT",
      "license": "MIT",
      "license": "MIT",
      "license": "MIT",
      "license": "MIT",
      "license": "MIT",
      "license": "MIT",
      "license": "MIT",
      "license": "MIT",
      "license": "MIT",
      "license": "MIT",
      "license": "MIT",
      "license": "MIT",
      "license": "MIT",
      "license": "MIT",
      "license": "MIT",
      "license": "MIT",
      "license": "MIT",
      "license": "MIT",
      "license": "MIT",
      "license": "MIT",
      "license": "MIT",
      "license": "MIT",
      "license": "MIT",
      "license": "MIT",
      "license": "MIT",
      "license": "MIT",
      "license": "MIT",
      "license": "MIT",
      "license": "MIT",
      "license": "MIT",
      "license": "MIT",
      "license": "MIT",
      "license": "MIT",
      "license": "MIT",
      "license": "MIT",
      "license": "MIT",
      "license": "MIT",
      "license": "MIT",
      "license": "MIT",
      "license": "MIT",
      "license": "MIT",
      "license": "MIT",
      "license": "MIT",
      "license": "MIT",
      "license": "MIT",
      "license": "MIT",
      "license": "MIT",
      "license": "MIT",
      "license": "MIT",
      "license": "MIT",
      "license": "MIT",
      "license": "MIT",
      "license": "MIT",
      "license": "MIT",
      "license": "MIT",
      "license": "MIT",
      "license": "MIT",
      "license": "MIT",
      "license": "MIT",
      "license": "MIT",
      "license": "MIT",
      "license": "MIT",
      "license": "ISC",
      "license": "MIT",
      "license": "MIT",
      "license": "MIT",
      "dev": true,
      "license": "MIT"
      "license": "MIT",
      "license": "MIT",
      "license": "Apache-2.0",
      "license": "MIT",
      "license": "MIT",
      "license": "MIT",
      "license": "MIT",
      "license": "MIT",
      "dev": true,
      "license": "MIT"
      "dev": true,
      "license": "MIT"
      "license": "Apache-2.0",
      "license": "MIT",
      "dev": true,
      "license": "MIT"
      "license": "Apache-2.0",
      "dev": true,
      "license": "BSD-3-Clause"
      "license": "MIT",
      "license": "MIT",
      "license": "MIT",
      "dev": true,
      "license": "MIT"
      "license": "ISC",
      "license": "MIT",
      "license": "MIT",
      "license": "MIT",
      "license": "MIT",
      "license": "MIT",
      "license": "MIT",
      "license": "BSD-3-Clause",
      "dev": true,
      "license": "MIT"
      "license": "MIT",
      "license": "MIT",
      "license": "MIT",
      "license": "MIT",
      "license": "MIT",
      "license": "MIT",
      "license": "MIT",
      "license": "MIT",
      "license": "BSD-3-Clause",
      "license": "MIT",
      "license": "MIT",
      "license": "MIT",
      "license": "MIT",
      "license": "MIT",
      "license": "MIT",
      "license": "MIT",
      "license": "MIT",
      "license": "MIT",
      "license": "MIT",
      "license": "MIT"
      "license": "MIT",
      "license": "MIT",
      "license": "MIT",
      "license": "MIT",
      "license": "MIT",
      "license": "MIT",
      "license": "MIT",
      "license": "MIT",
      "license": "MIT",
      "license": "MIT",
      "license": "MIT",
      "license": "MIT",
      "license": "MIT",
      "license": "MIT",
      "license": "MIT",
      "license": "MIT",
      "license": "MIT",
      "license": "MIT",
      "license": "MIT",
      "license": "MIT",
      "license": "MIT",
      "license": "MIT",
      "license": "MIT",
      "license": "MIT",
      "license": "MIT",
      "license": "MIT",
      "license": "MIT",
      "license": "MIT",
      "license": "MIT",
      "license": "MIT",
      "license": "MIT",
      "license": "MIT",
      "license": "MIT",
      "license": "MIT",
      "license": "MIT",
      "license": "MIT",
      "license": "MIT",
      "license": "MIT",
      "license": "MIT",
      "license": "MIT",
      "license": "MIT",
      "license": "MIT",
      "license": "MIT",
      "license": "MIT",
      "license": "MIT",
      "license": "MIT",
      "license": "MIT",
      "license": "MIT",
      "license": "MIT",
      "license": "MIT",
      "license": "MIT",
      "license": "MIT",
      "license": "MIT",
      "license": "MIT",
      "license": "MIT",
      "license": "MIT",
      "license": "MIT",
      "license": "(EDL-1.0 OR EPL-1.0)",
      "license": "MIT",
      "license": "MIT",
      "license": "MIT",
      "license": "MIT",
      "license": "MIT",
      "license": "MIT",
      "license": "MIT",
      "license": "MIT",
      "license": "MIT",
      "license": "MIT",
      "license": "MIT",
      "license": "MIT",
      "license": "MIT",
      "license": "MIT",
      "license": "MIT",
      "license": "MIT",
      "license": "MIT",
      "license": "MIT",
      "license": "MIT",
      "license": "MIT",
      "license": "MIT",
      "license": "MIT",
      "license": "MIT",
      "license": "MIT",
      "license": "MIT",
      "license": "MIT",
      "license": "MIT",
      "license": "MIT",
      "license": "MIT",
      "license": "MIT",
      "license": "MIT",
      "license": "MIT",
      "license": "MIT",
      "license": "MIT",
      "license": "MIT",
      "license": "MIT",
      "license": "MIT",
      "license": "MIT",
      "license": "MIT",
      "license": "MIT",
      "license": "MIT",
      "license": "MIT",
      "license": "MIT",
      "license": "MIT",
      "license": "MIT",
      "license": "MIT",
      "license": "MIT",
      "license": "MIT",
      "license": "MIT",
      "license": "MIT",
      "license": "MIT",
      "license": "MIT",
      "license": "MIT",
      "license": "MIT",
      "license": "MIT",
      "license": "MIT",
      "license": "MIT",
      "license": "MIT",
      "license": "MIT",
      "license": "MIT",
      "dev": true,
      "license": "MIT"
      "license": "MIT",
      "license": "MIT",
      "license": "MIT",
      "license": "MIT",
      "license": "MIT",
      "license": "MIT",
      "license": "MIT",
      "license": "MIT",
      "dev": true,
      "license": "MIT"
      "license": "MIT"
      "license": "MIT",
      "dev": true,
      "license": "MIT"
      "license": "MIT",
      "license": "MIT",
      "dev": true,
      "license": "MIT"
      "license": "MIT",
      "license": "MIT",
      "license": "MIT"
      "license": "MIT"
      "dev": true,
      "license": "MIT"
      "license": "MIT"
      "license": "MIT",
      "dev": true,
      "license": "MIT"
      "license": "MIT",
      "license": "MIT",
      "license": "MIT",
      "dev": true,
      "license": "MIT"
      "license": "MIT",
      "dev": true,
      "license": "MIT"
      "dev": true,
      "license": "MIT"
      "dev": true,
      "license": "MIT"
      "dev": true,
      "license": "MIT"
      "license": "MIT",
      "dev": true,
      "license": "MIT"
      "dev": true,
      "license": "MIT"
      "dev": true,
      "license": "MIT"
      "license": "MIT"
      "dev": true,
      "license": "MIT"
      "dev": true,
      "license": "MIT"
      "license": "MIT",
      "license": "MIT",
      "license": "MIT",
      "license": "MIT",
      "license": "MIT",
      "license": "MIT",
      "license": "MIT",
      "license": "MIT",
      "license": "MIT",
      "license": "MIT",
      "license": "MIT",
      "dev": true,
      "license": "MIT"
      "dev": true,
      "license": "MIT"
      "license": "MIT"
      "dev": true,
      "license": "MIT"
      "license": "MIT",
      "license": "MIT",
      "license": "MIT",
      "dev": true,
      "license": "MIT"
      "dev": true,
      "license": "MIT"
      "license": "MIT",
      "license": "MIT",
      "license": "MIT",
      "license": "MIT",
      "license": "MIT",
      "license": "MIT",
      "license": "MIT",
      "license": "MIT",
      "license": "BSD-3-Clause",
      "license": "MIT",
      "license": "MIT",
      "license": "MIT",
      "license": "MIT",
      "dev": true,
      "license": "MIT"
      "license": "ISC",
      "license": "BSD-2-Clause",
      "license": "MIT",
      "dev": true,
      "license": "MIT"
      "license": "MIT",
      "license": "MIT",
      "license": "MIT",
      "dev": true,
      "license": "MIT"
      "license": "MIT",
      "license": "BSD-2-Clause",
      "license": "MIT",
      "dev": true,
      "license": "MIT"
      "license": "ISC",
      "license": "MIT",
      "license": "ISC",
      "license": "MIT",
      "license": "Apache-2.0",
      "license": "MIT",
      "dev": true,
      "license": "MIT"
      "dev": true,
      "license": "MIT"
      "dev": true,
      "license": "MIT"
      "license": "MIT",
      "dev": true,
      "license": "MIT"
      "license": "MIT",
      "license": "MIT",
      "license": "Apache-2.0",
      "dev": true,
      "license": "MIT"
      "license": "MIT",
      "license": "MIT",
      "license": "MIT",
      "license": "MIT",
      "license": "MIT",
      "license": "MIT",
      "dev": true,
      "license": "BSD-3-Clause"
      "dev": true,
      "license": "Apache-2.0"
      "license": "MIT",
      "license": "MIT",
      "license": "MIT",
      "license": "MIT",
      "license": "MIT",
      "license": "MIT",
      "license": "MIT",
      "license": "MIT",
      "dev": true,
      "license": "MIT"
      "license": "MIT",
      "license": "MIT",
      "license": "MIT",
      "license": "MIT",
      "license": "MIT",
      "license": "(MIT OR CC0-1.0)",
      "license": "Apache-2.0",
      "license": "Apache-2.0",
      "license": "MIT",
      "license": "ISC",
      "dev": true,
      "license": "ISC"
      "license": "ISC",
      "license": "MIT",
      "dev": true,
      "license": "Python-2.0"
      "license": "MIT",
      "dev": true,
      "license": "MIT"
      "license": "MIT",
      "license": "MIT",
      "license": "MIT",
      "license": "MIT",
      "license": "MIT",
      "license": "MIT",
      "license": "MIT",
      "license": "MIT",
      "license": "MIT"
      "license": "MIT",
      "license": "MIT",
      "license": "MIT",
      "license": "MIT",
      "license": "MIT",
      "license": "MIT",
      "license": "ISC",
      "license": "MIT",
      "license": "MIT",
      "dev": true,
      "license": "MIT"
      "dev": true,
      "license": "MIT"
      "license": "MIT",
      "license": "MIT",
      "license": "MIT",
      "license": "MIT",
      "license": "MIT",
      "dev": true,
      "license": "ISC"
      "license": "MIT",
      "license": "MIT",
      "license": "MIT",
      "dev": true,
      "license": "MIT"
      "license": "MIT",
      "license": "MIT",
      "license": "MIT",
      "license": "MIT",
      "license": "MIT",
      ],
      "license": "CC-BY-4.0"
      "license": "MIT",
      "license": "MIT",
      "license": "MIT"
      "license": "MIT",
      "license": "MIT",
      "license": "MIT",
      "license": "MIT",
      "license": "MIT",
      "license": "MIT",
      "dev": true,
      "license": "MIT"
      "license": "MIT",
      "license": "MIT",
      "license": "MIT",
      "license": "MIT",
      "license": "MIT",
      "license": "MIT",
      "license": "MIT",
      "license": "MIT",
      "dev": true,
      "license": "MIT"
      "license": "MIT",
      "license": "MIT",
      "license": "MIT",
      ],
      "license": "MIT"
      "dev": true,
      "license": "MIT"
      "license": "ISC",
      "license": "MIT",
      "dev": true,
      "license": "ISC"
      "license": "MIT",
      ],
      "license": "MIT"
      "license": "MIT",
      "license": "MIT",
      "dev": true,
      "license": "MIT"
      "license": "MIT",
      "license": "MIT",
      "license": "MIT",
      "license": "MIT",
      "license": "ISC",
      "license": "ISC",
      "dev": true,
      "license": "MIT"
      "license": "MIT",
      "license": "MIT",
      "license": "MIT",
      "license": "BSD-3-Clause",
      "license": "MIT",
      "license": "MIT",
      "license": "MIT",
      "dev": true,
      "license": "MIT"
      "license": "MIT",
      "license": "MIT",
      "license": "ISC",
      "license": "BSD-2-Clause",
      "license": "BSD-2-Clause",
      "license": "MIT",
      "license": "MIT"
      "license": "BSD-3-Clause"
      "license": "BSD-3-Clause",
      "license": "BSD-3-Clause"
      "license": "MIT",
      "dev": true,
      "license": "MIT"
      "license": "BSD-2-Clause",
      "license": "MIT",
      "license": "MIT",
      "license": "MIT",
      "license": "MIT",
      "dev": true,
      "license": "MIT"
      "license": "MIT",
      "license": "MIT",
      "dev": true,
      "license": "MIT"
      "license": "MIT",
      "dev": true,
      "license": "MIT"
      "license": "MIT",
      "license": "Apache-2.0",
      "license": "MIT",
      "license": "MIT",
      "license": "MIT",
      ],
      "license": "BSD-2-Clause"
      "license": "BSD-2-Clause",
      "license": "BSD-2-Clause",
      "license": "MIT",
      "license": "MIT",
      "dev": true,
      "license": "MIT"
      "license": "ISC"
      "dev": true,
      "license": "MIT"
      "dev": true,
      "license": "MIT"
      "dev": true,
      "license": "ISC"
      "dev": true,
      "license": "MIT"
      "license": "MIT",
      "license": "BSD-2-Clause",
      "license": "MIT",
      "license": "MIT",
      "license": "MIT",
      "license": "MIT",
      "license": "MIT",
      "license": "MIT",
      "license": "MIT",
      "license": "MIT",
      "dev": true,
      "license": "MIT"
      "license": "MIT",
      "license": "MIT",
      "license": "MIT",
      "license": "MIT",
      "license": "MIT"
      "license": "MIT",
      "dev": true,
      "license": "MIT"
      "license": "MIT",
      "license": "ISC",
      "license": "Apache-2.0",
      "license": "MIT",
      "license": "MIT",
      "license": "MIT",
      "license": "MIT",
      "license": "MIT",
      "license": "MIT",
      "dev": true,
      "license": "MIT"
      "license": "MIT",
      "license": "MIT",
      "license": "MIT",
      "license": "MIT",
      "license": "MIT",
      "license": "MIT",
      "license": "MIT",
      "license": "ISC",
      "license": "MIT",
      "license": "MIT",
      "license": "MIT",
      "license": "BSD-2-Clause",
      "license": "MIT",
      "license": "ISC",
      "license": "BSD-2-Clause",
      "license": "MIT",
      "license": "Apache-2.0",
      "license": "Apache-2.0",
      "license": "MIT",
      "license": "MIT",
      "license": "MIT",
      "license": "MIT",
      "license": "MIT",
      "license": "MIT",
      "license": "MIT",
      "license": "MIT",
      "license": "MIT",
      "dev": true,
      "license": "MIT"
      "license": "MIT",
      "license": "Apache-2.0",
      "license": "MIT",
      "license": "BSD-2-Clause",
      "license": "Apache-2.0",
      "license": "BSD-2-Clause",
      "license": "ISC",
      "license": "MIT",
      "license": "MIT",
      "dev": true,
      "license": "MIT"
      "dev": true,
      "license": "MIT"
      "license": "MIT",
      "license": "MIT",
      "license": "BSD-2-Clause",
      "license": "Apache-2.0",
      "license": "BSD-3-Clause",
      "license": "BSD-2-Clause",
      "license": "BSD-2-Clause",
      "license": "BSD-2-Clause",
      "license": "BSD-2-Clause",
      "license": "BSD-2-Clause",
      "license": "MIT",
      "dev": true,
      "license": "MIT"
      "license": "MIT",
      "license": "MIT",
      "license": "Apache-2.0",
      "dev": true,
      "license": "ISC"
      "license": "BSD-3-Clause"
      "license": "MIT",
      "dev": true,
      "license": "MIT"
      ],
      "license": "MIT"
      "license": "MIT"
      "dev": true,
      "license": "Apache-2.0"
      "license": "MIT",
      "dev": true,
      "license": "MIT"
      "dev": true,
      "license": "MIT"
      "dev": true,
      "license": "MIT"
      "license": "ISC",
      "license": "Apache-2.0",
      "license": "MIT",
      "license": "MIT",
      "license": "MIT",
      "license": "MIT",
      "license": "MIT",
      "license": "MIT",
      "license": "MIT",
      "license": "MIT",
      "license": "MIT",
      "license": "ISC",
      "dev": true,
      "license": "MIT"
      "license": "MIT",
      "license": "MIT",
      "dev": true,
      "license": "ISC"
      "license": "MIT",
      "license": "MIT",
      "license": "MIT",
      "license": "MIT",
      "license": "MIT",
      "license": "MIT",
      "license": "ISC",
      "dev": true,
      "license": "Unlicense"
      "license": "ISC"
      "license": "MIT",
      "license": "MIT",
      "license": "MIT",
      "license": "ISC",
      "license": "MIT",
      "license": "MIT",
      "license": "MIT",
      "license": "MIT",
      "license": "MIT",
      "license": "MIT",
      "license": "ISC"
      "license": "MIT",
      "license": "MIT",
      "license": "MIT",
      "license": "MIT",
      "license": "MIT",
      "license": "ISC",
      "license": "ISC",
      "dev": true,
      "license": "BSD-2-Clause"
      "license": "MIT",
      "license": "MIT",
      "license": "MIT",
      "license": "MIT",
      "license": "MIT",
      "dev": true,
      "license": "ISC"
      "dev": true,
      "license": "MIT"
      "dev": true,
      "license": "MIT"
    },
      "license": "MIT",
      "dev": true,
      "license": "MIT"
      "license": "MIT",
      "license": "MIT",
      "license": "MIT",
      "license": "MIT",
      "license": "MIT",
      "license": "MIT",
      "dev": true,
      "license": "ISC"
      "license": "MIT",
      "license": "MIT",
      "license": "MIT",
      "license": "BSD-3-Clause",
      "license": "MIT",
      "license": "MIT",
      "dev": true,
      "license": "MIT"
      "license": "MIT",
      "license": "MIT",
      "license": "MIT",
      "license": "MIT",
      "dev": true,
      "license": "MIT"
      "license": "MIT",
      "dev": true,
      "license": "MIT"
      "license": "MIT",
      "license": "MIT",
      "license": "MIT",
      "license": "MIT",
      "license": "MIT",
      "dev": true,
      "license": "MIT"
      "license": "Apache-2.0",
      "license": "MIT",
      "license": "ISC",
      "license": "MIT",
      "license": "MIT",
      "license": "MIT"
      "license": "MIT",
      "license": "MIT",
      "license": "MIT",
      "license": "MIT",
      "license": "MIT",
      "license": "MIT",
      "license": "MIT",
      "license": "MIT",
      "license": "MIT",
      "dev": true,
      "license": "ISC"
      "license": "ISC",
      "dev": true,
      "license": "ISC"
      "license": "MIT",
      "license": "MIT",
      "license": "MIT",
      "license": "MIT",
      "dev": true,
      "license": "MIT"
      "license": "MIT",
      "license": "MIT",
      "license": "MIT",
      "license": "MIT",
      "license": "MIT",
      "license": "MIT",
      "license": "MIT",
      "license": "MIT",
      "license": "MIT",
      "license": "MIT",
      "license": "MIT",
      "license": "MIT",
      "license": "MIT",
      "license": "MIT",
      "license": "MIT",
      "license": "MIT",
      "license": "MIT",
      "license": "MIT",
      "license": "MIT",
      "license": "MIT",
      "license": "MIT",
      "license": "MIT",
      "license": "MIT",
      "license": "MIT",
      "license": "MIT",
      "license": "MIT",
      "license": "MIT",
      "license": "MIT",
      "license": "MIT",
      "license": "MIT",
      "dev": true,
      "license": "MIT"
      "license": "MIT",
      "dev": true,
      "license": "MIT"
      "dev": true,
      "license": "ISC"
      "license": "MIT",
      "license": "MIT",
      "license": "MIT",
      "license": "MIT",
      "license": "MIT",
      "license": "MIT",
      "dev": true,
      "license": "MIT"
      "license": "MIT"
      "license": "MIT",
      "dev": true,
      "license": "MIT"
      "dev": true,
      "license": "MIT"
      "dev": true,
      "license": "MIT"
      "dev": true,
      "license": "MIT"
      "license": "(EDL-1.0 OR EPL-1.0)",
      "license": "MIT",
      "license": "MIT",
      "license": "Apache-2.0",
      "license": "MIT",
      "license": "MIT",
      "license": "MIT",
      "license": "MIT",
      "dev": true,
      "license": "MIT"
      "license": "MIT",
      "dev": true,
      "license": "MIT"
      "license": "MIT",
      "license": "MIT",
      "license": "MIT",
      "license": "MIT",
      "license": "MIT",
      "dev": true,
      "license": "MIT"
      "license": "MIT",
      "license": "MIT",
      "license": "MIT",
      "dev": true,
      "license": "ISC"
      "license": "MIT",
      "license": "ISC",
      "license": "MIT",
      "license": "MIT",
      "license": "MIT",
      "license": "MIT",
      "license": "MIT",
      "dev": true,
      "license": "MIT"
      "dev": true,
      "license": "MIT"
      "license": "Apache-2.0",
      "license": "MIT",
      "license": "MIT",
      "license": "MIT",
      "license": "MIT",
      "license": "Apache-2.0",
      "license": "MIT",
      "license": "MIT"
      "dev": true,
      "license": "MIT"
      "dev": true,
      "license": "MIT"
      "license": "MIT",
      "license": "MIT",
      "license": "MIT",
      "license": "MIT",
      "license": "MIT",
      "dev": true,
      "license": "MIT"
      "license": "MIT",
      "license": "MIT",
      "license": "MIT",
      "license": "MIT",
      "license": "MIT",
      "license": "ISC",
      "license": "MIT",
      "license": "AGPL-3.0"
      "license": "MIT",
      "license": "MIT",
      "license": "Unlicense",
      "license": "MIT"
      "dev": true,
      "license": "MIT"
      "license": "MIT",
      "dev": true,
      "license": "MIT"
      "license": "MIT",
      "license": "MIT",
      "license": "MIT",
      "license": "MIT",
      "license": "MIT",
      "license": "MIT",
      "license": "MIT",
      "license": "MIT",
      "dev": true,
      "license": "ISC"
      "license": "ISC",
      "license": "ISC",
      "license": "ISC",
      "license": "ISC",
      "license": "ISC",
      "license": "MIT",
      "license": "MIT",
      "dev": true,
      "license": "MIT"
      "license": "MIT",
      "license": "MIT"
      "license": "MIT",
      "dev": true,
      "license": "MIT"
      "license": "MIT",
      "license": "MIT",
      "license": "MIT",
      "license": "MIT",
      "license": "MIT",
      "dev": true,
      "license": "MIT"
      "license": "MIT"
      "license": "MIT",
      "license": "MIT",
      "license": "(BSD-3-Clause OR GPL-2.0)",
      "dev": true,
      "license": "MIT"
      "license": "MIT",
      "license": "MIT",
      "license": "MIT"
      "license": "MIT",
      "license": "ISC",
      "license": "BSD-2-Clause",
      "license": "MIT",
      "license": "MIT",
      "license": "MIT",
      "license": "MIT",
      "license": "MIT",
      "license": "MIT",
      "license": "MIT",
      "license": "MIT",
      "license": "MIT",
      "dev": true,
      "license": "MIT"
      "license": "MIT",
      "license": "MIT",
      "license": "ISC",
      "license": "MIT",
      "license": "MIT",
      "license": "(WTFPL OR MIT)",
      "license": "MIT",
      "license": "MIT",
      "license": "MIT",
      "license": "MIT",
      "license": "MIT",
      "license": "MIT",
      "license": "MIT",
      "license": "MIT",
      "license": "MIT",
      "license": "MIT",
      "license": "MIT",
      "license": "MIT",
      "license": "MIT",
      "license": "MIT",
      "license": "MIT",
      "license": "MIT",
      "dev": true,
      "license": "MIT"
      "dev": true,
      "license": "MIT"
      "license": "MIT",
      "dev": true,
      "license": "ISC"
      "license": "MIT",
      "license": "MIT",
      "license": "MIT",
      "license": "MIT"
      "license": "MIT",
      "license": "Unlicense"
      "license": "MIT",
      "license": "MIT",
      "license": "MIT",
      "license": "MIT",
      "license": "ISC",
      "license": "ISC",
      "license": "MIT",
      "license": "ISC",
      "license": "ISC",
      "license": "MIT",
      "dev": true,
      "license": "MIT"
      "license": "MIT",
      "license": "MIT",
      "license": "MIT",
      "license": "MIT",
      "dev": true,
      "license": "MIT"
      "license": "MIT",
      "dev": true,
      "license": "ISC"
      "license": "MIT",
      "license": "MIT"
      "license": "MIT",
      "license": "MIT",
      "license": "MIT"
      "license": "MIT",
      "license": "MIT",
      "license": "BSD-3-Clause",
      ],
      "license": "MIT"
      "license": "ISC"
      "license": "MIT",
      "license": "MIT",
      "license": "MIT",
      "license": "MIT",
      "license": "MIT",
      "license": "MIT",
      "license": "MIT",
      "license": "MIT"
      "license": "MIT"
      "license": "MIT",
      "license": "MIT",
      "license": "MIT",
      "license": "MIT",
      "license": "MIT",
      "license": "MIT"
      "license": "MIT",
      "license": "MIT",
      "license": "MIT",
      "license": "BSD-3-Clause",
      "license": "MIT",
      "license": "MIT",
      "license": "MIT",
      "license": "MIT",
      "license": "MIT",
      "license": "MIT",
      "license": "MIT",
      "dev": true,
      "license": "MIT"
      "license": "MIT",
      "license": "MIT",
      "license": "MIT",
      "license": "MIT",
      "license": "MIT",
      "dev": true,
      "license": "MIT"
      "license": "BSD-2-Clause",
      "license": "MIT",
      "license": "MIT",
      "license": "MIT",
      "license": "MIT",
      "license": "MIT",
      "dev": true,
      "license": "MIT"
      "license": "MIT",
      "license": "MIT",
      "license": "MIT",
      "license": "MIT",
      "license": "MIT"
      "license": "MIT",
      "license": "MIT",
      "license": "MIT",
      "license": "MIT",
      "dev": true,
      "license": "MIT"
      "license": "ISC",
      "license": "Unlicense"
      "license": "MIT",
      "license": "BSD-3-Clause"
      "license": "MIT",
      "dev": true,
      "license": "MIT"
      "dev": true,
      "license": "MIT"
      "license": "MIT",
      "dev": true,
      "license": "MIT"
      "license": "ISC",
      "license": "MIT",
      "license": "MIT",
      "license": "MIT"
      "dev": true,
      "license": "MIT"
      "license": "MIT",
      "license": "ISC",
      "license": "MIT",
      "license": "MIT",
      "dev": true,
      "license": "MIT"
      "license": "BSD-3-Clause",
      "license": "MIT",
      "license": "MIT",
      "license": "MIT",
      "dev": true,
      "license": "ISC"
      "dev": true,
      "license": "ISC"
      "license": "MIT",
      "license": "MIT",
      "dev": true,
      "license": "ISC"
      "license": "MIT",
      "license": "MIT",
      "dev": true,
      "license": "ISC"
      "license": "MIT",
      "license": "MIT"
      "license": "MIT",
      "license": "MIT",
      "license": "MIT",
      "dev": true,
      "license": "ISC"
      "license": "MIT",
      "license": "MIT",
      "license": "MIT",
      "license": "MIT"
      "license": "MIT",
      "license": "MIT",
      "dev": true,
      "license": "MIT"
      "license": "BSD-3-Clause",
      "license": "BSD-3-Clause",
      "license": "MIT",
      "license": "MIT",
      "license": "MIT",
      "dev": true,
      "license": "MIT"
      "license": "MIT",
      "dev": true,
      "license": "MIT"
      "license": "BDS-3-Clause"
      "license": "ISC",
      "dev": true,
      "license": "MIT"
      "license": "MIT",
      "license": "MIT",
      "license": "MIT",
      "license": "MIT",
      "license": "MIT",
      "license": "MIT",
      "license": "MIT",
      "license": "MIT",
      "license": "MIT",
      "license": "MIT",
      "license": "MIT",
      "license": "MIT",
      "license": "MIT",
      "license": "MIT",
      "license": "MIT",
      "license": "MIT",
      "license": "MIT",
      "license": "ISC",
      "license": "ISC",
      "license": "MIT",
      "license": "BSD-2-Clause",
      "license": "MIT",
      "license": "MIT",
      "license": "MIT",
      "dev": true,
      "license": "MIT"
      "license": "MIT",
      "dev": true,
      "license": "MIT"
      "license": "MIT",
      "dev": true,
      "license": "MIT"
      "dev": true,
      "license": "MIT"
      "dev": true,
      "license": "MIT"
      "license": "MIT"
      "license": "MIT"
      "license": "ISC"
      "license": "MIT",
      "license": "MIT",
      "license": "ISC",
      "license": "MIT"
      "license": "ISC",
      "license": "MIT"
      "license": "MIT",
      "dev": true,
      "license": "MIT"
      "license": "MIT",
      "license": "MIT",
      "license": "MIT",
      "license": "MIT",
      "license": "MIT",
      "dev": true,
      "license": "MIT"
      "license": "MIT",
      "license": "MIT",
      "license": "ISC",
      "license": "BSD-3-Clause",
      "license": "MIT",
      "license": "MIT",
      "license": "MIT",
      "license": "0BSD"
      "license": "MIT",
      "license": "(MIT OR CC0-1.0)",
      "license": "MIT",
      "license": "MIT",
      "license": "MIT",
      "license": "MIT",
      "license": "MIT",
      "license": "Apache-2.0",
      "license": "MIT",
      "license": "MIT",
      "license": "MIT",
      "license": "MIT",
      "license": "MIT",
      "license": "ISC",
      "license": "ISC",
      "license": "MIT",
      "license": "MIT",
      "license": "BSD-2-Clause",
      "license": "MIT",
      "dev": true,
      "license": "MIT"
      "dev": true,
      "license": "MIT"
      "license": "MIT",
      "license": "MIT",
      "license": "MIT"
      "license": "MIT",
      "license": "MIT",
      "license": "MIT",
      "license": "MIT",
      "dev": true,
      "license": "BSD-2-Clause"
      "license": "MIT",
      "license": "MIT",
      "license": "MIT",
      "license": "MIT",
      "license": "MIT",
      "dev": true,
      "license": "MIT"
      "license": "MIT",
      "license": "MIT",
      "license": "MIT",
      "license": "MIT",
      "license": "MIT",
      "license": "MIT",
      "dev": true,
      "license": "MIT"
      "license": "MIT",
      "license": "MIT",
      "license": "MIT",
      "license": "MIT",
      "dev": true,
      "license": "MIT"
      "license": "MIT",
      "license": "MIT",
      "license": "MIT",
      "license": "MIT",
      "license": "MIT",
      "dev": true,
      "license": "MIT"
      "license": "MIT",
      "license": "MIT",
      "license": "MIT",
      "license": "MIT",
      "license": "MIT",
      "license": "MIT",
      "dev": true,
      "license": "MIT"
      "license": "MIT",
      "license": "MIT",
      "license": "MIT",
      "license": "Apache-2.0",
      "license": "Apache-2.0",
      "license": "MIT",
      "license": "ISC",
      "license": "MIT",
      "license": "MIT",
      "dev": true,
      "license": "MIT"
      "license": "MIT",
      "license": "MIT",
      "license": "ISC",
      "dev": true,
      "license": "MIT"
      "license": "MIT",
      "license": "MIT",
      "license": "MIT",
      "license": "MIT",
      "license": "MIT",
      "dev": true,
      "license": "MIT"
      "license": "MIT",
      "dev": true,
      "license": "ISC"
      "license": "MIT",
      "dev": true,
      "license": "ISC"
      "license": "MIT",
      "license": "MIT",
